
Microsoft Visual Studio Solution File, Format Version 12.00
# Visual Studio 15
VisualStudioVersion = 15.0.28307.106
MinimumVisualStudioVersion = 10.0.40219.1
Project("{FAE04EC0-301F-11D3-BF4B-00C04F79EFBC}") = "Opdracht5.10", "Opdracht5.10\Opdracht5.10.csproj", "{59299339-B0CF-479E-8A76-F6E702216C0D}"
EndProject
Project("{FAE04EC0-301F-11D3-BF4B-00C04F79EFBC}") = "Opdracht5.14", "Opdracht5.14\Opdracht5.14.csproj", "{559A4962-F427-4EF0-BC8E-AB4A0D32D2AE}"
EndProject
Project("{FAE04EC0-301F-11D3-BF4B-00C04F79EFBC}") = "Opdracht5.16", "Opdracht5.16\Opdracht5.16.csproj", "{E394A13F-DB31-4FEB-A10F-998CC69249E8}"
EndProject
Project("{FAE04EC0-301F-11D3-BF4B-00C04F79EFBC}") = "Opdacht5.19", "Opdacht5.19\Opdacht5.19.csproj", "{472633E3-27D7-46DC-A979-FDDFC84F62B3}"
EndProject
Project("{FAE04EC0-301F-11D3-BF4B-00C04F79EFBC}") = "ConsoleApp1", "ConsoleApp1\ConsoleApp1.csproj", "{6789FC8E-69FE-4498-AD43-44A660391846}"
EndProject
Global
	GlobalSection(SolutionConfigurationPlatforms) = preSolution
		Debug|Any CPU = Debug|Any CPU
		Release|Any CPU = Release|Any CPU
	EndGlobalSection
	GlobalSection(ProjectConfigurationPlatforms) = postSolution
		{59299339-B0CF-479E-8A76-F6E702216C0D}.Debug|Any CPU.ActiveCfg = Debug|Any CPU
		{59299339-B0CF-479E-8A76-F6E702216C0D}.Debug|Any CPU.Build.0 = Debug|Any CPU
		{59299339-B0CF-479E-8A76-F6E702216C0D}.Release|Any CPU.ActiveCfg = Release|Any CPU
		{59299339-B0CF-479E-8A76-F6E702216C0D}.Release|Any CPU.Build.0 = Release|Any CPU
		{559A4962-F427-4EF0-BC8E-AB4A0D32D2AE}.Debug|Any CPU.ActiveCfg = Debug|Any CPU
		{559A4962-F427-4EF0-BC8E-AB4A0D32D2AE}.Debug|Any CPU.Build.0 = Debug|Any CPU
		{559A4962-F427-4EF0-BC8E-AB4A0D32D2AE}.Release|Any CPU.ActiveCfg = Release|Any CPU
		{559A4962-F427-4EF0-BC8E-AB4A0D32D2AE}.Release|Any CPU.Build.0 = Release|Any CPU
		{E394A13F-DB31-4FEB-A10F-998CC69249E8}.Debug|Any CPU.ActiveCfg = Debug|Any CPU
		{E394A13F-DB31-4FEB-A10F-998CC69249E8}.Debug|Any CPU.Build.0 = Debug|Any CPU
		{E394A13F-DB31-4FEB-A10F-998CC69249E8}.Release|Any CPU.ActiveCfg = Release|Any CPU
		{E394A13F-DB31-4FEB-A10F-998CC69249E8}.Release|Any CPU.Build.0 = Release|Any CPU
		{472633E3-27D7-46DC-A979-FDDFC84F62B3}.Debug|Any CPU.ActiveCfg = Debug|Any CPU
		{472633E3-27D7-46DC-A979-FDDFC84F62B3}.Debug|Any CPU.Build.0 = Debug|Any CPU
		{472633E3-27D7-46DC-A979-FDDFC84F62B3}.Release|Any CPU.ActiveCfg = Release|Any CPU
		{472633E3-27D7-46DC-A979-FDDFC84F62B3}.Release|Any CPU.Build.0 = Release|Any CPU
		{6789FC8E-69FE-4498-AD43-44A660391846}.Debug|Any CPU.ActiveCfg = Debug|Any CPU
		{6789FC8E-69FE-4498-AD43-44A660391846}.Debug|Any CPU.Build.0 = Debug|Any CPU
		{6789FC8E-69FE-4498-AD43-44A660391846}.Release|Any CPU.ActiveCfg = Release|Any CPU
		{6789FC8E-69FE-4498-AD43-44A660391846}.Release|Any CPU.Build.0 = Release|Any CPU
	EndGlobalSection
	GlobalSection(SolutionProperties) = preSolution
		HideSolutionNode = FALSE
	EndGlobalSection
	GlobalSection(ExtensibilityGlobals) = postSolution
		SolutionGuid = {F3013DDD-FA0F-4E50-9425-C99BD550E91A}
	EndGlobalSection
EndGlobal
