
Microsoft Visual Studio Solution File, Format Version 12.00
# Visual Studio 15
VisualStudioVersion = 15.0.28010.2050
MinimumVisualStudioVersion = 10.0.40219.1
Project("{FAE04EC0-301F-11D3-BF4B-00C04F79EFBC}") = "BMI_Calculator", "BMI_Calculator\BMI_Calculator.csproj", "{FE3DCD0D-68B6-4ED1-B9D3-4E49530D9B4B}"
EndProject
Global
	GlobalSection(SolutionConfigurationPlatforms) = preSolution
		Debug|Any CPU = Debug|Any CPU
		Release|Any CPU = Release|Any CPU
	EndGlobalSection
	GlobalSection(ProjectConfigurationPlatforms) = postSolution
		{FE3DCD0D-68B6-4ED1-B9D3-4E49530D9B4B}.Debug|Any CPU.ActiveCfg = Debug|Any CPU
		{FE3DCD0D-68B6-4ED1-B9D3-4E49530D9B4B}.Debug|Any CPU.Build.0 = Debug|Any CPU
		{FE3DCD0D-68B6-4ED1-B9D3-4E49530D9B4B}.Release|Any CPU.ActiveCfg = Release|Any CPU
		{FE3DCD0D-68B6-4ED1-B9D3-4E49530D9B4B}.Release|Any CPU.Build.0 = Release|Any CPU
	EndGlobalSection
	GlobalSection(SolutionProperties) = preSolution
		HideSolutionNode = FALSE
	EndGlobalSection
	GlobalSection(ExtensibilityGlobals) = postSolution
		SolutionGuid = {2139BDAB-ECCA-4984-BDC0-B0F6F7527CFE}
	EndGlobalSection
EndGlobal
